
Microsoft Visual Studio Solution File, Format Version 12.00
# Visual Studio 15
VisualStudioVersion = 15.0.27428.2002
MinimumVisualStudioVersion = 10.0.40219.1
Project("{FAE04EC0-301F-11D3-BF4B-00C04F79EFBC}") = "SpaceWasm", "SpaceWasm\SpaceWasm.csproj", "{192EE617-5764-49EF-8D33-7BFC16AACA52}"
EndProject
Global
	GlobalSection(Performance) = preSolution
		HasPerformanceSessions = true
	EndGlobalSection
	GlobalSection(SolutionConfigurationPlatforms) = preSolution
		Debug|Any CPU = Debug|Any CPU
		Release|Any CPU = Release|Any CPU
	EndGlobalSection
	GlobalSection(ProjectConfigurationPlatforms) = postSolution
		{192EE617-5764-49EF-8D33-7BFC16AACA52}.Debug|Any CPU.ActiveCfg = Debug|Any CPU
		{192EE617-5764-49EF-8D33-7BFC16AACA52}.Debug|Any CPU.Build.0 = Debug|Any CPU
		{192EE617-5764-49EF-8D33-7BFC16AACA52}.Release|Any CPU.ActiveCfg = Release|Any CPU
		{192EE617-5764-49EF-8D33-7BFC16AACA52}.Release|Any CPU.Build.0 = Release|Any CPU
	EndGlobalSection
	GlobalSection(SolutionProperties) = preSolution
		HideSolutionNode = FALSE
	EndGlobalSection
	GlobalSection(ExtensibilityGlobals) = postSolution
		SolutionGuid = {9ED089F5-32CE-47CA-82C3-67AD71838F85}
	EndGlobalSection
EndGlobal
